
Microsoft Visual Studio Solution File, Format Version 12.00
# Visual Studio Version 17
VisualStudioVersion = 17.7.34031.279
MinimumVisualStudioVersion = 10.0.40219.1
Project("{FAE04EC0-301F-11D3-BF4B-00C04F79EFBC}") = "WebBanDoGiaDung", "WebBanDoGiaDung\WebBanDoGiaDung.csproj", "{590E2E00-9724-4C88-975F-656D0E95299F}"
EndProject
Global
	GlobalSection(SolutionConfigurationPlatforms) = preSolution
		Debug|Any CPU = Debug|Any CPU
		Release|Any CPU = Release|Any CPU
	EndGlobalSection
	GlobalSection(ProjectConfigurationPlatforms) = postSolution
		{590E2E00-9724-4C88-975F-656D0E95299F}.Debug|Any CPU.ActiveCfg = Debug|Any CPU
		{590E2E00-9724-4C88-975F-656D0E95299F}.Debug|Any CPU.Build.0 = Debug|Any CPU
		{590E2E00-9724-4C88-975F-656D0E95299F}.Release|Any CPU.ActiveCfg = Release|Any CPU
		{590E2E00-9724-4C88-975F-656D0E95299F}.Release|Any CPU.Build.0 = Release|Any CPU
	EndGlobalSection
	GlobalSection(SolutionProperties) = preSolution
		HideSolutionNode = FALSE
	EndGlobalSection
	GlobalSection(ExtensibilityGlobals) = postSolution
		SolutionGuid = {00FA4B8F-05A2-460D-B996-115DEA98F54F}
	EndGlobalSection
EndGlobal
